// !$*UTF8*$!
{
	archiveVersion = 1;
	classes = {
	};
	objectVersion = 54;
	objects = {

/* Begin PBXBuildFile section */
		66EA2E0D267A89C100E1E09C /* CreateMediaView.swift in Sources */ = {isa = PBXBuildFile; fileRef = 66EA2E0C267A89C100E1E09C /* CreateMediaView.swift */; };
		66EA2E11267B356800E1E09C /* ShellScriptView.swift in Sources */ = {isa = PBXBuildFile; fileRef = 66EA2E10267B356800E1E09C /* ShellScriptView.swift */; };
		9C68FE182678EC09000A2253 /* DownloadView.swift in Sources */ = {isa = PBXBuildFile; fileRef = 9C68FE172678EC09000A2253 /* DownloadView.swift */; };
		9CB0CE4B2677B42A00EED4DE /* GetMacApp.swift in Sources */ = {isa = PBXBuildFile; fileRef = 9CB0CE4A2677B42A00EED4DE /* GetMacApp.swift */; };
		9CB0CE4D2677B42A00EED4DE /* ContentView.swift in Sources */ = {isa = PBXBuildFile; fileRef = 9CB0CE4C2677B42A00EED4DE /* ContentView.swift */; };
		9CB0CE4F2677B42B00EED4DE /* Assets.xcassets in Resources */ = {isa = PBXBuildFile; fileRef = 9CB0CE4E2677B42B00EED4DE /* Assets.xcassets */; };
		9CB0CE522677B42B00EED4DE /* Preview Assets.xcassets in Resources */ = {isa = PBXBuildFile; fileRef = 9CB0CE512677B42B00EED4DE /* Preview Assets.xcassets */; };
		9CB0CE542677B42B00EED4DE /* Persistence.swift in Sources */ = {isa = PBXBuildFile; fileRef = 9CB0CE532677B42B00EED4DE /* Persistence.swift */; };
		9CB0CE572677B42B00EED4DE /* GetMac.xcdatamodeld in Sources */ = {isa = PBXBuildFile; fileRef = 9CB0CE552677B42B00EED4DE /* GetMac.xcdatamodeld */; };
		9CB0CE612677B42B00EED4DE /* GetMacTests.swift in Sources */ = {isa = PBXBuildFile; fileRef = 9CB0CE602677B42B00EED4DE /* GetMacTests.swift */; };
		9CB0CE6B2677B42B00EED4DE /* GetMacUITests.swift in Sources */ = {isa = PBXBuildFile; fileRef = 9CB0CE6A2677B42B00EED4DE /* GetMacUITests.swift */; };
/* End PBXBuildFile section */

/* Begin PBXContainerItemProxy section */
		9CB0CE5D2677B42B00EED4DE /* PBXContainerItemProxy */ = {
			isa = PBXContainerItemProxy;
			containerPortal = 9CB0CE3F2677B42A00EED4DE /* Project object */;
			proxyType = 1;
			remoteGlobalIDString = 9CB0CE462677B42A00EED4DE;
			remoteInfo = GetMac;
		};
		9CB0CE672677B42B00EED4DE /* PBXContainerItemProxy */ = {
			isa = PBXContainerItemProxy;
			containerPortal = 9CB0CE3F2677B42A00EED4DE /* Project object */;
			proxyType = 1;
			remoteGlobalIDString = 9CB0CE462677B42A00EED4DE;
			remoteInfo = GetMac;
		};
/* End PBXContainerItemProxy section */

/* Begin PBXFileReference section */
		66EA2E0B267A886300E1E09C /* CreateInstallMedia.sh */ = {isa = PBXFileReference; lastKnownFileType = text.script.sh; path = CreateInstallMedia.sh; sourceTree = "<group>"; };
		66EA2E0C267A89C100E1E09C /* CreateMediaView.swift */ = {isa = PBXFileReference; lastKnownFileType = sourcecode.swift; path = CreateMediaView.swift; sourceTree = "<group>"; };
		66EA2E10267B356800E1E09C /* ShellScriptView.swift */ = {isa = PBXFileReference; lastKnownFileType = sourcecode.swift; path = ShellScriptView.swift; sourceTree = "<group>"; };
		9C68FE172678EC09000A2253 /* DownloadView.swift */ = {isa = PBXFileReference; fileEncoding = 4; lastKnownFileType = sourcecode.swift; path = DownloadView.swift; sourceTree = "<group>"; };
		9CB0CE472677B42A00EED4DE /* GetMac.app */ = {isa = PBXFileReference; explicitFileType = wrapper.application; includeInIndex = 0; path = GetMac.app; sourceTree = BUILT_PRODUCTS_DIR; };
		9CB0CE4A2677B42A00EED4DE /* GetMacApp.swift */ = {isa = PBXFileReference; lastKnownFileType = sourcecode.swift; path = GetMacApp.swift; sourceTree = "<group>"; };
		9CB0CE4C2677B42A00EED4DE /* ContentView.swift */ = {isa = PBXFileReference; lastKnownFileType = sourcecode.swift; path = ContentView.swift; sourceTree = "<group>"; };
		9CB0CE4E2677B42B00EED4DE /* Assets.xcassets */ = {isa = PBXFileReference; lastKnownFileType = folder.assetcatalog; path = Assets.xcassets; sourceTree = "<group>"; };
		9CB0CE512677B42B00EED4DE /* Preview Assets.xcassets */ = {isa = PBXFileReference; lastKnownFileType = folder.assetcatalog; path = "Preview Assets.xcassets"; sourceTree = "<group>"; };
		9CB0CE532677B42B00EED4DE /* Persistence.swift */ = {isa = PBXFileReference; lastKnownFileType = sourcecode.swift; path = Persistence.swift; sourceTree = "<group>"; };
		9CB0CE562677B42B00EED4DE /* GetMac.xcdatamodel */ = {isa = PBXFileReference; lastKnownFileType = wrapper.xcdatamodel; path = GetMac.xcdatamodel; sourceTree = "<group>"; };
		9CB0CE5C2677B42B00EED4DE /* GetMacTests.xctest */ = {isa = PBXFileReference; explicitFileType = wrapper.cfbundle; includeInIndex = 0; path = GetMacTests.xctest; sourceTree = BUILT_PRODUCTS_DIR; };
		9CB0CE602677B42B00EED4DE /* GetMacTests.swift */ = {isa = PBXFileReference; lastKnownFileType = sourcecode.swift; path = GetMacTests.swift; sourceTree = "<group>"; };
		9CB0CE662677B42B00EED4DE /* GetMacUITests.xctest */ = {isa = PBXFileReference; explicitFileType = wrapper.cfbundle; includeInIndex = 0; path = GetMacUITests.xctest; sourceTree = BUILT_PRODUCTS_DIR; };
		9CB0CE6A2677B42B00EED4DE /* GetMacUITests.swift */ = {isa = PBXFileReference; lastKnownFileType = sourcecode.swift; path = GetMacUITests.swift; sourceTree = "<group>"; };
		9CB0CE7B2677CDC700EED4DE /* GetMac.entitlements */ = {isa = PBXFileReference; lastKnownFileType = text.plist.entitlements; path = GetMac.entitlements; sourceTree = "<group>"; };
		9CFE5B9A267921A9007B60D1 /* Info.plist */ = {isa = PBXFileReference; lastKnownFileType = text.plist.xml; path = Info.plist; sourceTree = "<group>"; };
/* End PBXFileReference section */

/* Begin PBXFrameworksBuildPhase section */
		9CB0CE442677B42A00EED4DE /* Frameworks */ = {
			isa = PBXFrameworksBuildPhase;
			buildActionMask = 2147483647;
			files = (
			);
			runOnlyForDeploymentPostprocessing = 0;
		};
		9CB0CE592677B42B00EED4DE /* Frameworks */ = {
			isa = PBXFrameworksBuildPhase;
			buildActionMask = 2147483647;
			files = (
			);
			runOnlyForDeploymentPostprocessing = 0;
		};
		9CB0CE632677B42B00EED4DE /* Frameworks */ = {
			isa = PBXFrameworksBuildPhase;
			buildActionMask = 2147483647;
			files = (
			);
			runOnlyForDeploymentPostprocessing = 0;
		};
/* End PBXFrameworksBuildPhase section */

/* Begin PBXGroup section */
		9CB0CE3E2677B42A00EED4DE = {
			isa = PBXGroup;
			children = (
				9CB0CE492677B42A00EED4DE /* GetMac */,
				9CB0CE5F2677B42B00EED4DE /* GetMacTests */,
				9CB0CE692677B42B00EED4DE /* GetMacUITests */,
				9CB0CE482677B42A00EED4DE /* Products */,
			);
			sourceTree = "<group>";
		};
		9CB0CE482677B42A00EED4DE /* Products */ = {
			isa = PBXGroup;
			children = (
				9CB0CE472677B42A00EED4DE /* GetMac.app */,
				9CB0CE5C2677B42B00EED4DE /* GetMacTests.xctest */,
				9CB0CE662677B42B00EED4DE /* GetMacUITests.xctest */,
			);
			name = Products;
			sourceTree = "<group>";
		};
		9CB0CE492677B42A00EED4DE /* GetMac */ = {
			isa = PBXGroup;
			children = (
				9CFE5B9A267921A9007B60D1 /* Info.plist */,
				9C68FE172678EC09000A2253 /* DownloadView.swift */,
				9CB0CE7B2677CDC700EED4DE /* GetMac.entitlements */,
				9CB0CE4A2677B42A00EED4DE /* GetMacApp.swift */,
				9CB0CE4C2677B42A00EED4DE /* ContentView.swift */,
				9CB0CE4E2677B42B00EED4DE /* Assets.xcassets */,
				9CB0CE532677B42B00EED4DE /* Persistence.swift */,
				9CB0CE552677B42B00EED4DE /* GetMac.xcdatamodeld */,
				9CB0CE502677B42B00EED4DE /* Preview Content */,
				66EA2E0B267A886300E1E09C /* CreateInstallMedia.sh */,
				66EA2E0C267A89C100E1E09C /* CreateMediaView.swift */,
				66EA2E10267B356800E1E09C /* ShellScriptView.swift */,
			);
			path = GetMac;
			sourceTree = "<group>";
		};
		9CB0CE502677B42B00EED4DE /* Preview Content */ = {
			isa = PBXGroup;
			children = (
				9CB0CE512677B42B00EED4DE /* Preview Assets.xcassets */,
			);
			path = "Preview Content";
			sourceTree = "<group>";
		};
		9CB0CE5F2677B42B00EED4DE /* GetMacTests */ = {
			isa = PBXGroup;
			children = (
				9CB0CE602677B42B00EED4DE /* GetMacTests.swift */,
			);
			path = GetMacTests;
			sourceTree = "<group>";
		};
		9CB0CE692677B42B00EED4DE /* GetMacUITests */ = {
			isa = PBXGroup;
			children = (
				9CB0CE6A2677B42B00EED4DE /* GetMacUITests.swift */,
			);
			path = GetMacUITests;
			sourceTree = "<group>";
		};
/* End PBXGroup section */

/* Begin PBXNativeTarget section */
		9CB0CE462677B42A00EED4DE /* GetMac */ = {
			isa = PBXNativeTarget;
			buildConfigurationList = 9CB0CE6E2677B42B00EED4DE /* Build configuration list for PBXNativeTarget "GetMac" */;
			buildPhases = (
				9CB0CE432677B42A00EED4DE /* Sources */,
				9CB0CE442677B42A00EED4DE /* Frameworks */,
				9CB0CE452677B42A00EED4DE /* Resources */,
			);
			buildRules = (
			);
			dependencies = (
			);
			name = GetMac;
			productName = GetMac;
			productReference = 9CB0CE472677B42A00EED4DE /* GetMac.app */;
			productType = "com.apple.product-type.application";
		};
		9CB0CE5B2677B42B00EED4DE /* GetMacTests */ = {
			isa = PBXNativeTarget;
			buildConfigurationList = 9CB0CE712677B42B00EED4DE /* Build configuration list for PBXNativeTarget "GetMacTests" */;
			buildPhases = (
				9CB0CE582677B42B00EED4DE /* Sources */,
				9CB0CE592677B42B00EED4DE /* Frameworks */,
				9CB0CE5A2677B42B00EED4DE /* Resources */,
			);
			buildRules = (
			);
			dependencies = (
				9CB0CE5E2677B42B00EED4DE /* PBXTargetDependency */,
			);
			name = GetMacTests;
			productName = GetMacTests;
			productReference = 9CB0CE5C2677B42B00EED4DE /* GetMacTests.xctest */;
			productType = "com.apple.product-type.bundle.unit-test";
		};
		9CB0CE652677B42B00EED4DE /* GetMacUITests */ = {
			isa = PBXNativeTarget;
			buildConfigurationList = 9CB0CE742677B42B00EED4DE /* Build configuration list for PBXNativeTarget "GetMacUITests" */;
			buildPhases = (
				9CB0CE622677B42B00EED4DE /* Sources */,
				9CB0CE632677B42B00EED4DE /* Frameworks */,
				9CB0CE642677B42B00EED4DE /* Resources */,
			);
			buildRules = (
			);
			dependencies = (
				9CB0CE682677B42B00EED4DE /* PBXTargetDependency */,
			);
			name = GetMacUITests;
			productName = GetMacUITests;
			productReference = 9CB0CE662677B42B00EED4DE /* GetMacUITests.xctest */;
			productType = "com.apple.product-type.bundle.ui-testing";
		};
/* End PBXNativeTarget section */

/* Begin PBXProject section */
		9CB0CE3F2677B42A00EED4DE /* Project object */ = {
			isa = PBXProject;
			attributes = {
				BuildIndependentTargetsInParallel = 1;
				LastSwiftUpdateCheck = 1300;
				LastUpgradeCheck = 1300;
				TargetAttributes = {
					9CB0CE462677B42A00EED4DE = {
						CreatedOnToolsVersion = 13.0;
					};
					9CB0CE5B2677B42B00EED4DE = {
						CreatedOnToolsVersion = 13.0;
						TestTargetID = 9CB0CE462677B42A00EED4DE;
					};
					9CB0CE652677B42B00EED4DE = {
						CreatedOnToolsVersion = 13.0;
						TestTargetID = 9CB0CE462677B42A00EED4DE;
					};
				};
			};
			buildConfigurationList = 9CB0CE422677B42A00EED4DE /* Build configuration list for PBXProject "GetMac" */;
			compatibilityVersion = "Xcode 12.0";
			developmentRegion = en;
			hasScannedForEncodings = 0;
			knownRegions = (
				en,
				Base,
			);
			mainGroup = 9CB0CE3E2677B42A00EED4DE;
			productRefGroup = 9CB0CE482677B42A00EED4DE /* Products */;
			projectDirPath = "";
			projectRoot = "";
			targets = (
				9CB0CE462677B42A00EED4DE /* GetMac */,
				9CB0CE5B2677B42B00EED4DE /* GetMacTests */,
				9CB0CE652677B42B00EED4DE /* GetMacUITests */,
			);
		};
/* End PBXProject section */

/* Begin PBXResourcesBuildPhase section */
		9CB0CE452677B42A00EED4DE /* Resources */ = {
			isa = PBXResourcesBuildPhase;
			buildActionMask = 2147483647;
			files = (
				9CB0CE522677B42B00EED4DE /* Preview Assets.xcassets in Resources */,
				9CB0CE4F2677B42B00EED4DE /* Assets.xcassets in Resources */,
			);
			runOnlyForDeploymentPostprocessing = 0;
		};
		9CB0CE5A2677B42B00EED4DE /* Resources */ = {
			isa = PBXResourcesBuildPhase;
			buildActionMask = 2147483647;
			files = (
			);
			runOnlyForDeploymentPostprocessing = 0;
		};
		9CB0CE642677B42B00EED4DE /* Resources */ = {
			isa = PBXResourcesBuildPhase;
			buildActionMask = 2147483647;
			files = (
			);
			runOnlyForDeploymentPostprocessing = 0;
		};
/* End PBXResourcesBuildPhase section */

/* Begin PBXSourcesBuildPhase section */
		9CB0CE432677B42A00EED4DE /* Sources */ = {
			isa = PBXSourcesBuildPhase;
			buildActionMask = 2147483647;
			files = (
				66EA2E11267B356800E1E09C /* ShellScriptView.swift in Sources */,
				9C68FE182678EC09000A2253 /* DownloadView.swift in Sources */,
				9CB0CE572677B42B00EED4DE /* GetMac.xcdatamodeld in Sources */,
				9CB0CE542677B42B00EED4DE /* Persistence.swift in Sources */,
				9CB0CE4D2677B42A00EED4DE /* ContentView.swift in Sources */,
				9CB0CE4B2677B42A00EED4DE /* GetMacApp.swift in Sources */,
				66EA2E0D267A89C100E1E09C /* CreateMediaView.swift in Sources */,
			);
			runOnlyForDeploymentPostprocessing = 0;
		};
		9CB0CE582677B42B00EED4DE /* Sources */ = {
			isa = PBXSourcesBuildPhase;
			buildActionMask = 2147483647;
			files = (
				9CB0CE612677B42B00EED4DE /* GetMacTests.swift in Sources */,
			);
			runOnlyForDeploymentPostprocessing = 0;
		};
		9CB0CE622677B42B00EED4DE /* Sources */ = {
			isa = PBXSourcesBuildPhase;
			buildActionMask = 2147483647;
			files = (
				9CB0CE6B2677B42B00EED4DE /* GetMacUITests.swift in Sources */,
			);
			runOnlyForDeploymentPostprocessing = 0;
		};
/* End PBXSourcesBuildPhase section */

/* Begin PBXTargetDependency section */
		9CB0CE5E2677B42B00EED4DE /* PBXTargetDependency */ = {
			isa = PBXTargetDependency;
			target = 9CB0CE462677B42A00EED4DE /* GetMac */;
			targetProxy = 9CB0CE5D2677B42B00EED4DE /* PBXContainerItemProxy */;
		};
		9CB0CE682677B42B00EED4DE /* PBXTargetDependency */ = {
			isa = PBXTargetDependency;
			target = 9CB0CE462677B42A00EED4DE /* GetMac */;
			targetProxy = 9CB0CE672677B42B00EED4DE /* PBXContainerItemProxy */;
		};
/* End PBXTargetDependency section */

/* Begin XCBuildConfiguration section */
		9CB0CE6C2677B42B00EED4DE /* Debug */ = {
			isa = XCBuildConfiguration;
			buildSettings = {
				ALWAYS_SEARCH_USER_PATHS = NO;
				CLANG_ANALYZER_NONNULL = YES;
				CLANG_ANALYZER_NUMBER_OBJECT_CONVERSION = YES_AGGRESSIVE;
				CLANG_CXX_LANGUAGE_STANDARD = "gnu++14";
				CLANG_CXX_LIBRARY = "libc++";
				CLANG_ENABLE_MODULES = YES;
				CLANG_ENABLE_OBJC_ARC = YES;
				CLANG_ENABLE_OBJC_WEAK = YES;
				CLANG_WARN_BLOCK_CAPTURE_AUTORELEASING = YES;
				CLANG_WARN_BOOL_CONVERSION = YES;
				CLANG_WARN_COMMA = YES;
				CLANG_WARN_CONSTANT_CONVERSION = YES;
				CLANG_WARN_DEPRECATED_OBJC_IMPLEMENTATIONS = YES;
				CLANG_WARN_DIRECT_OBJC_ISA_USAGE = YES_ERROR;
				CLANG_WARN_DOCUMENTATION_COMMENTS = YES;
				CLANG_WARN_EMPTY_BODY = YES;
				CLANG_WARN_ENUM_CONVERSION = YES;
				CLANG_WARN_INFINITE_RECURSION = YES;
				CLANG_WARN_INT_CONVERSION = YES;
				CLANG_WARN_NON_LITERAL_NULL_CONVERSION = YES;
				CLANG_WARN_OBJC_IMPLICIT_RETAIN_SELF = YES;
				CLANG_WARN_OBJC_LITERAL_CONVERSION = YES;
				CLANG_WARN_OBJC_ROOT_CLASS = YES_ERROR;
				CLANG_WARN_QUOTED_INCLUDE_IN_FRAMEWORK_HEADER = YES;
				CLANG_WARN_RANGE_LOOP_ANALYSIS = YES;
				CLANG_WARN_STRICT_PROTOTYPES = YES;
				CLANG_WARN_SUSPICIOUS_MOVE = YES;
				CLANG_WARN_UNGUARDED_AVAILABILITY = YES_AGGRESSIVE;
				CLANG_WARN_UNREACHABLE_CODE = YES;
				CLANG_WARN__DUPLICATE_METHOD_MATCH = YES;
				COPY_PHASE_STRIP = NO;
				DEBUG_INFORMATION_FORMAT = dwarf;
				ENABLE_STRICT_OBJC_MSGSEND = YES;
				ENABLE_TESTABILITY = YES;
				GCC_C_LANGUAGE_STANDARD = gnu11;
				GCC_DYNAMIC_NO_PIC = NO;
				GCC_NO_COMMON_BLOCKS = YES;
				GCC_OPTIMIZATION_LEVEL = 0;
				GCC_PREPROCESSOR_DEFINITIONS = (
					"DEBUG=1",
					"$(inherited)",
				);
				GCC_WARN_64_TO_32_BIT_CONVERSION = YES;
				GCC_WARN_ABOUT_RETURN_TYPE = YES_ERROR;
				GCC_WARN_UNDECLARED_SELECTOR = YES;
				GCC_WARN_UNINITIALIZED_AUTOS = YES_AGGRESSIVE;
				GCC_WARN_UNUSED_FUNCTION = YES;
				GCC_WARN_UNUSED_VARIABLE = YES;
				MACOSX_DEPLOYMENT_TARGET = 11.4;
				MTL_ENABLE_DEBUG_INFO = INCLUDE_SOURCE;
				MTL_FAST_MATH = YES;
				ONLY_ACTIVE_ARCH = YES;
				SDKROOT = macosx;
				SWIFT_ACTIVE_COMPILATION_CONDITIONS = DEBUG;
				SWIFT_OPTIMIZATION_LEVEL = "-Onone";
			};
			name = Debug;
		};
		9CB0CE6D2677B42B00EED4DE /* Release */ = {
			isa = XCBuildConfiguration;
			buildSettings = {
				ALWAYS_SEARCH_USER_PATHS = NO;
				CLANG_ANALYZER_NONNULL = YES;
				CLANG_ANALYZER_NUMBER_OBJECT_CONVERSION = YES_AGGRESSIVE;
				CLANG_CXX_LANGUAGE_STANDARD = "gnu++14";
				CLANG_CXX_LIBRARY = "libc++";
				CLANG_ENABLE_MODULES = YES;
				CLANG_ENABLE_OBJC_ARC = YES;
				CLANG_ENABLE_OBJC_WEAK = YES;
				CLANG_WARN_BLOCK_CAPTURE_AUTORELEASING = YES;
				CLANG_WARN_BOOL_CONVERSION = YES;
				CLANG_WARN_COMMA = YES;
				CLANG_WARN_CONSTANT_CONVERSION = YES;
				CLANG_WARN_DEPRECATED_OBJC_IMPLEMENTATIONS = YES;
				CLANG_WARN_DIRECT_OBJC_ISA_USAGE = YES_ERROR;
				CLANG_WARN_DOCUMENTATION_COMMENTS = YES;
				CLANG_WARN_EMPTY_BODY = YES;
				CLANG_WARN_ENUM_CONVERSION = YES;
				CLANG_WARN_INFINITE_RECURSION = YES;
				CLANG_WARN_INT_CONVERSION = YES;
				CLANG_WARN_NON_LITERAL_NULL_CONVERSION = YES;
				CLANG_WARN_OBJC_IMPLICIT_RETAIN_SELF = YES;
				CLANG_WARN_OBJC_LITERAL_CONVERSION = YES;
				CLANG_WARN_OBJC_ROOT_CLASS = YES_ERROR;
				CLANG_WARN_QUOTED_INCLUDE_IN_FRAMEWORK_HEADER = YES;
				CLANG_WARN_RANGE_LOOP_ANALYSIS = YES;
				CLANG_WARN_STRICT_PROTOTYPES = YES;
				CLANG_WARN_SUSPICIOUS_MOVE = YES;
				CLANG_WARN_UNGUARDED_AVAILABILITY = YES_AGGRESSIVE;
				CLANG_WARN_UNREACHABLE_CODE = YES;
				CLANG_WARN__DUPLICATE_METHOD_MATCH = YES;
				COPY_PHASE_STRIP = NO;
				DEBUG_INFORMATION_FORMAT = "dwarf-with-dsym";
				ENABLE_NS_ASSERTIONS = NO;
				ENABLE_STRICT_OBJC_MSGSEND = YES;
				GCC_C_LANGUAGE_STANDARD = gnu11;
				GCC_NO_COMMON_BLOCKS = YES;
				GCC_WARN_64_TO_32_BIT_CONVERSION = YES;
				GCC_WARN_ABOUT_RETURN_TYPE = YES_ERROR;
				GCC_WARN_UNDECLARED_SELECTOR = YES;
				GCC_WARN_UNINITIALIZED_AUTOS = YES_AGGRESSIVE;
				GCC_WARN_UNUSED_FUNCTION = YES;
				GCC_WARN_UNUSED_VARIABLE = YES;
				MACOSX_DEPLOYMENT_TARGET = 11.4;
				MTL_ENABLE_DEBUG_INFO = NO;
				MTL_FAST_MATH = YES;
				SDKROOT = macosx;
				SWIFT_COMPILATION_MODE = wholemodule;
				SWIFT_OPTIMIZATION_LEVEL = "-O";
			};
			name = Release;
		};
		9CB0CE6F2677B42B00EED4DE /* Debug */ = {
			isa = XCBuildConfiguration;
			buildSettings = {
				ASSETCATALOG_COMPILER_APPICON_NAME = AppIcon;
				ASSETCATALOG_COMPILER_GLOBAL_ACCENT_COLOR_NAME = AccentColor;
				ASSETCATALOG_COMPILER_INCLUDE_ALL_APPICON_ASSETS = YES;
				CODE_SIGN_ENTITLEMENTS = GetMac/GetMac.entitlements;
				CODE_SIGN_IDENTITY = "-";
				CODE_SIGN_STYLE = Automatic;
				COMBINE_HIDPI_IMAGES = YES;
				CURRENT_PROJECT_VERSION = 1;
				DEVELOPMENT_ASSET_PATHS = "\"GetMac/Preview Content\"";
				DEVELOPMENT_TEAM = 7KH6ST6L2Y;
				ENABLE_APP_SANDBOX = YES;
				ENABLE_HARDENED_RUNTIME = YES;
				ENABLE_PREVIEWS = YES;
				ENABLE_USER_SELECTED_FILES = readonly;
				GENERATE_INFOPLIST_FILE = YES;
				INFOPLIST_FILE = GetMac/Info.plist;
				INFOPLIST_KEY_CFBundleExecutable = GetMac;
				INFOPLIST_KEY_CFBundleName = GetMac;
				INFOPLIST_KEY_CFBundleVersion = 1;
				INFOPLIST_KEY_NSHumanReadableCopyright = "";
				LD_RUNPATH_SEARCH_PATHS = (
					"$(inherited)",
					"@executable_path/../Frameworks",
				);
				MACOSX_DEPLOYMENT_TARGET = 11.0;
				MARKETING_VERSION = 1.0;
				PRODUCT_BUNDLE_IDENTIFIER = com.merlijn.GetMac;
				PRODUCT_NAME = "$(TARGET_NAME)";
				SWIFT_EMIT_LOC_STRINGS = YES;
				SWIFT_VERSION = 5.0;
			};
			name = Debug;
		};
		9CB0CE702677B42B00EED4DE /* Release */ = {
			isa = XCBuildConfiguration;
			buildSettings = {
				ASSETCATALOG_COMPILER_APPICON_NAME = AppIcon;
				ASSETCATALOG_COMPILER_GLOBAL_ACCENT_COLOR_NAME = AccentColor;
				ASSETCATALOG_COMPILER_INCLUDE_ALL_APPICON_ASSETS = YES;
				CODE_SIGN_ENTITLEMENTS = GetMac/GetMac.entitlements;
				CODE_SIGN_IDENTITY = "-";
				CODE_SIGN_STYLE = Automatic;
				COMBINE_HIDPI_IMAGES = YES;
				CURRENT_PROJECT_VERSION = 1;
				DEVELOPMENT_ASSET_PATHS = "\"GetMac/Preview Content\"";
				DEVELOPMENT_TEAM = 7KH6ST6L2Y;
				ENABLE_APP_SANDBOX = YES;
				ENABLE_HARDENED_RUNTIME = YES;
				ENABLE_PREVIEWS = YES;
				ENABLE_USER_SELECTED_FILES = readonly;
				GENERATE_INFOPLIST_FILE = YES;
				INFOPLIST_FILE = GetMac/Info.plist;
				INFOPLIST_KEY_CFBundleExecutable = GetMac;
				INFOPLIST_KEY_CFBundleName = GetMac;
				INFOPLIST_KEY_CFBundleVersion = 1;
				INFOPLIST_KEY_NSHumanReadableCopyright = "";
				LD_RUNPATH_SEARCH_PATHS = (
					"$(inherited)",
					"@executable_path/../Frameworks",
				);
				MACOSX_DEPLOYMENT_TARGET = 11.0;
				MARKETING_VERSION = 1.0;
				PRODUCT_BUNDLE_IDENTIFIER = com.merlijn.GetMac;
				PRODUCT_NAME = "$(TARGET_NAME)";
				SWIFT_EMIT_LOC_STRINGS = YES;
				SWIFT_VERSION = 5.0;
			};
			name = Release;
		};
		9CB0CE722677B42B00EED4DE /* Debug */ = {
			isa = XCBuildConfiguration;
			buildSettings = {
				ALWAYS_EMBED_SWIFT_STANDARD_LIBRARIES = YES;
				BUNDLE_LOADER = "$(TEST_HOST)";
				CODE_SIGN_STYLE = Automatic;
				COMBINE_HIDPI_IMAGES = YES;
				CURRENT_PROJECT_VERSION = 1;
				DEVELOPMENT_TEAM = 7KH6ST6L2Y;
				GENERATE_INFOPLIST_FILE = YES;
				LD_RUNPATH_SEARCH_PATHS = (
					"$(inherited)",
					"@executable_path/../Frameworks",
					"@loader_path/../Frameworks",
				);
				MACOSX_DEPLOYMENT_TARGET = 11.0;
				MARKETING_VERSION = 1.0;
				PRODUCT_BUNDLE_IDENTIFIER = com.merlijn.GetMacTests;
				PRODUCT_NAME = "$(TARGET_NAME)";
				SWIFT_EMIT_LOC_STRINGS = NO;
				SWIFT_VERSION = 5.0;
				TEST_HOST = "$(BUILT_PRODUCTS_DIR)/GetMac.app/Contents/MacOS/GetMac";
			};
			name = Debug;
		};
		9CB0CE732677B42B00EED4DE /* Release */ = {
			isa = XCBuildConfiguration;
			buildSettings = {
				ALWAYS_EMBED_SWIFT_STANDARD_LIBRARIES = YES;
				BUNDLE_LOADER = "$(TEST_HOST)";
				CODE_SIGN_STYLE = Automatic;
				COMBINE_HIDPI_IMAGES = YES;
				CURRENT_PROJECT_VERSION = 1;
				DEVELOPMENT_TEAM = 7KH6ST6L2Y;
				GENERATE_INFOPLIST_FILE = YES;
				LD_RUNPATH_SEARCH_PATHS = (
					"$(inherited)",
					"@executable_path/../Frameworks",
					"@loader_path/../Frameworks",
				);
				MACOSX_DEPLOYMENT_TARGET = 11.0;
				MARKETING_VERSION = 1.0;
				PRODUCT_BUNDLE_IDENTIFIER = com.merlijn.GetMacTests;
				PRODUCT_NAME = "$(TARGET_NAME)";
				SWIFT_EMIT_LOC_STRINGS = NO;
				SWIFT_VERSION = 5.0;
				TEST_HOST = "$(BUILT_PRODUCTS_DIR)/GetMac.app/Contents/MacOS/GetMac";
			};
			name = Release;
		};
		9CB0CE752677B42B00EED4DE /* Debug */ = {
			isa = XCBuildConfiguration;
			buildSettings = {
				ALWAYS_EMBED_SWIFT_STANDARD_LIBRARIES = YES;
				CODE_SIGN_STYLE = Automatic;
				COMBINE_HIDPI_IMAGES = YES;
				CURRENT_PROJECT_VERSION = 1;
				DEVELOPMENT_TEAM = 7KH6ST6L2Y;
				GENERATE_INFOPLIST_FILE = YES;
				LD_RUNPATH_SEARCH_PATHS = (
					"$(inherited)",
					"@executable_path/../Frameworks",
					"@loader_path/../Frameworks",
				);
				MARKETING_VERSION = 1.0;
				PRODUCT_BUNDLE_IDENTIFIER = com.merlijn.GetMacUITests;
				PRODUCT_NAME = "$(TARGET_NAME)";
				SWIFT_EMIT_LOC_STRINGS = NO;
				SWIFT_VERSION = 5.0;
				TEST_TARGET_NAME = GetMac;
			};
			name = Debug;
		};
		9CB0CE762677B42B00EED4DE /* Release */ = {
			isa = XCBuildConfiguration;
			buildSettings = {
				ALWAYS_EMBED_SWIFT_STANDARD_LIBRARIES = YES;
				CODE_SIGN_STYLE = Automatic;
				COMBINE_HIDPI_IMAGES = YES;
				CURRENT_PROJECT_VERSION = 1;
				DEVELOPMENT_TEAM = 7KH6ST6L2Y;
				GENERATE_INFOPLIST_FILE = YES;
				LD_RUNPATH_SEARCH_PATHS = (
					"$(inherited)",
					"@executable_path/../Frameworks",
					"@loader_path/../Frameworks",
				);
				MARKETING_VERSION = 1.0;
				PRODUCT_BUNDLE_IDENTIFIER = com.merlijn.GetMacUITests;
				PRODUCT_NAME = "$(TARGET_NAME)";
				SWIFT_EMIT_LOC_STRINGS = NO;
				SWIFT_VERSION = 5.0;
				TEST_TARGET_NAME = GetMac;
			};
			name = Release;
		};
/* End XCBuildConfiguration section */

/* Begin XCConfigurationList section */
		9CB0CE422677B42A00EED4DE /* Build configuration list for PBXProject "GetMac" */ = {
			isa = XCConfigurationList;
			buildConfigurations = (
				9CB0CE6C2677B42B00EED4DE /* Debug */,
				9CB0CE6D2677B42B00EED4DE /* Release */,
			);
			defaultConfigurationIsVisible = 0;
			defaultConfigurationName = Release;
		};
		9CB0CE6E2677B42B00EED4DE /* Build configuration list for PBXNativeTarget "GetMac" */ = {
			isa = XCConfigurationList;
			buildConfigurations = (
				9CB0CE6F2677B42B00EED4DE /* Debug */,
				9CB0CE702677B42B00EED4DE /* Release */,
			);
			defaultConfigurationIsVisible = 0;
			defaultConfigurationName = Release;
		};
		9CB0CE712677B42B00EED4DE /* Build configuration list for PBXNativeTarget "GetMacTests" */ = {
			isa = XCConfigurationList;
			buildConfigurations = (
				9CB0CE722677B42B00EED4DE /* Debug */,
				9CB0CE732677B42B00EED4DE /* Release */,
			);
			defaultConfigurationIsVisible = 0;
			defaultConfigurationName = Release;
		};
		9CB0CE742677B42B00EED4DE /* Build configuration list for PBXNativeTarget "GetMacUITests" */ = {
			isa = XCConfigurationList;
			buildConfigurations = (
				9CB0CE752677B42B00EED4DE /* Debug */,
				9CB0CE762677B42B00EED4DE /* Release */,
			);
			defaultConfigurationIsVisible = 0;
			defaultConfigurationName = Release;
		};
/* End XCConfigurationList section */

/* Begin XCVersionGroup section */
		9CB0CE552677B42B00EED4DE /* GetMac.xcdatamodeld */ = {
			isa = XCVersionGroup;
			children = (
				9CB0CE562677B42B00EED4DE /* GetMac.xcdatamodel */,
			);
			currentVersion = 9CB0CE562677B42B00EED4DE /* GetMac.xcdatamodel */;
			path = GetMac.xcdatamodeld;
			sourceTree = "<group>";
			versionGroupType = wrapper.xcdatamodel;
		};
/* End XCVersionGroup section */
	};
	rootObject = 9CB0CE3F2677B42A00EED4DE /* Project object */;
}
